
Microsoft Visual Studio Solution File, Format Version 12.00
# Visual Studio 14
VisualStudioVersion = 14.0.25420.1
MinimumVisualStudioVersion = 10.0.40219.1
Project("{FAE04EC0-301F-11D3-BF4B-00C04F79EFBC}") = "EntityFramework.Tutorial.ClassLibrary", "src\EntityFramework.Tutorial\EntityFramework.Tutorial.ClassLibrary\EntityFramework.Tutorial.ClassLibrary.csproj", "{0BE0CEF4-98B7-4757-8B8A-352A4810217B}"
EndProject
Project("{FAE04EC0-301F-11D3-BF4B-00C04F79EFBC}") = "EntityFramework.Tutorial.ConsoleApp", "src\EntityFramework.Tutorial\EntityFramework.Tutorial.ConsoleApp\EntityFramework.Tutorial.ConsoleApp.csproj", "{20509DB5-E778-49FA-A329-5E6042BA8F31}"
EndProject
Global
	GlobalSection(SolutionConfigurationPlatforms) = preSolution
		Debug|Any CPU = Debug|Any CPU
		Release|Any CPU = Release|Any CPU
	EndGlobalSection
	GlobalSection(ProjectConfigurationPlatforms) = postSolution
		{0BE0CEF4-98B7-4757-8B8A-352A4810217B}.Debug|Any CPU.ActiveCfg = Debug|Any CPU
		{0BE0CEF4-98B7-4757-8B8A-352A4810217B}.Debug|Any CPU.Build.0 = Debug|Any CPU
		{0BE0CEF4-98B7-4757-8B8A-352A4810217B}.Release|Any CPU.ActiveCfg = Release|Any CPU
		{0BE0CEF4-98B7-4757-8B8A-352A4810217B}.Release|Any CPU.Build.0 = Release|Any CPU
		{20509DB5-E778-49FA-A329-5E6042BA8F31}.Debug|Any CPU.ActiveCfg = Debug|Any CPU
		{20509DB5-E778-49FA-A329-5E6042BA8F31}.Debug|Any CPU.Build.0 = Debug|Any CPU
		{20509DB5-E778-49FA-A329-5E6042BA8F31}.Release|Any CPU.ActiveCfg = Release|Any CPU
		{20509DB5-E778-49FA-A329-5E6042BA8F31}.Release|Any CPU.Build.0 = Release|Any CPU
	EndGlobalSection
	GlobalSection(SolutionProperties) = preSolution
		HideSolutionNode = FALSE
	EndGlobalSection
EndGlobal
